
Microsoft Visual Studio Solution File, Format Version 12.00
# Visual Studio 15
VisualStudioVersion = 15.0.27428.2015
MinimumVisualStudioVersion = 10.0.40219.1
Project("{FAE04EC0-301F-11D3-BF4B-00C04F79EFBC}") = "HashCompare", "HashCompare\HashCompare.csproj", "{13845D5B-5E5A-49F6-8ECE-40C8BE3E30CB}"
EndProject
Global
	GlobalSection(SolutionConfigurationPlatforms) = preSolution
		Debug|Any CPU = Debug|Any CPU
		Release|Any CPU = Release|Any CPU
	EndGlobalSection
	GlobalSection(ProjectConfigurationPlatforms) = postSolution
		{13845D5B-5E5A-49F6-8ECE-40C8BE3E30CB}.Debug|Any CPU.ActiveCfg = Debug|Any CPU
		{13845D5B-5E5A-49F6-8ECE-40C8BE3E30CB}.Debug|Any CPU.Build.0 = Debug|Any CPU
		{13845D5B-5E5A-49F6-8ECE-40C8BE3E30CB}.Release|Any CPU.ActiveCfg = Release|Any CPU
		{13845D5B-5E5A-49F6-8ECE-40C8BE3E30CB}.Release|Any CPU.Build.0 = Release|Any CPU
	EndGlobalSection
	GlobalSection(SolutionProperties) = preSolution
		HideSolutionNode = FALSE
	EndGlobalSection
	GlobalSection(ExtensibilityGlobals) = postSolution
		SolutionGuid = {63CDE1DD-058F-4273-923B-778B446DA60E}
	EndGlobalSection
EndGlobal
